
Microsoft Visual Studio Solution File, Format Version 12.00
# Visual Studio Version 17
VisualStudioVersion = 17.0.31919.166
MinimumVisualStudioVersion = 10.0.40219.1
Project("{9A19103F-16F7-4668-BE54-9A1E7A4F7556}") = "Description", "Description\Description.csproj", "{29783D30-C3D7-4770-A6FF-8F4859FCC142}"
EndProject
Global
	GlobalSection(SolutionConfigurationPlatforms) = preSolution
		Debug|Any CPU = Debug|Any CPU
		Release|Any CPU = Release|Any CPU
	EndGlobalSection
	GlobalSection(ProjectConfigurationPlatforms) = postSolution
		{29783D30-C3D7-4770-A6FF-8F4859FCC142}.Debug|Any CPU.ActiveCfg = Debug|Any CPU
		{29783D30-C3D7-4770-A6FF-8F4859FCC142}.Debug|Any CPU.Build.0 = Debug|Any CPU
		{29783D30-C3D7-4770-A6FF-8F4859FCC142}.Release|Any CPU.ActiveCfg = Release|Any CPU
		{29783D30-C3D7-4770-A6FF-8F4859FCC142}.Release|Any CPU.Build.0 = Release|Any CPU
	EndGlobalSection
	GlobalSection(SolutionProperties) = preSolution
		HideSolutionNode = FALSE
	EndGlobalSection
	GlobalSection(ExtensibilityGlobals) = postSolution
		SolutionGuid = {CD40E984-C603-4FFA-9EDE-C6EA50758463}
	EndGlobalSection
EndGlobal
